// !$*UTF8*$!
{
	archiveVersion = 1;
	classes = {
	};
	objectVersion = 56;
	objects = {

/* Begin PBXBuildFile section */
		D7C6B8E8291AB445008A41E0 /* AppDelegate.swift in Sources */ = {isa = PBXBuildFile; fileRef = D7C6B8E7291AB445008A41E0 /* AppDelegate.swift */; };
		D7C6B8EA291AB445008A41E0 /* SceneDelegate.swift in Sources */ = {isa = PBXBuildFile; fileRef = D7C6B8E9291AB445008A41E0 /* SceneDelegate.swift */; };
		D7C6B8EF291AB445008A41E0 /* Main.storyboard in Resources */ = {isa = PBXBuildFile; fileRef = D7C6B8ED291AB445008A41E0 /* Main.storyboard */; };
		D7C6B8F1291AB448008A41E0 /* Assets.xcassets in Resources */ = {isa = PBXBuildFile; fileRef = D7C6B8F0291AB448008A41E0 /* Assets.xcassets */; };
		D7C6B8F4291AB448008A41E0 /* LaunchScreen.storyboard in Resources */ = {isa = PBXBuildFile; fileRef = D7C6B8F2291AB448008A41E0 /* LaunchScreen.storyboard */; };
		D7C6B903291AB8BA008A41E0 /* CustomImageView.xib in Resources */ = {isa = PBXBuildFile; fileRef = D7C6B902291AB8BA008A41E0 /* CustomImageView.xib */; };
		D7C6B905291AB8EF008A41E0 /* CustomTextField.xib in Resources */ = {isa = PBXBuildFile; fileRef = D7C6B904291AB8EF008A41E0 /* CustomTextField.xib */; };
		D7C6B907291AB921008A41E0 /* CustomButton.xib in Resources */ = {isa = PBXBuildFile; fileRef = D7C6B906291AB921008A41E0 /* CustomButton.xib */; };
		D7C6B909291ABBE6008A41E0 /* CustomButton.swift in Sources */ = {isa = PBXBuildFile; fileRef = D7C6B908291ABBE6008A41E0 /* CustomButton.swift */; };
		D7C6B90B291ABC02008A41E0 /* CustomTextField.swift in Sources */ = {isa = PBXBuildFile; fileRef = D7C6B90A291ABC02008A41E0 /* CustomTextField.swift */; };
		D7C6B90D291ABC0E008A41E0 /* CustomImageView.swift in Sources */ = {isa = PBXBuildFile; fileRef = D7C6B90C291ABC0E008A41E0 /* CustomImageView.swift */; };
		D7C6B910291ABF3B008A41E0 /* AuthorizationViewController.swift in Sources */ = {isa = PBXBuildFile; fileRef = D7C6B90F291ABF3B008A41E0 /* AuthorizationViewController.swift */; };
		D7C6B912291ABF51008A41E0 /* AppendPhotoViewController.swift in Sources */ = {isa = PBXBuildFile; fileRef = D7C6B911291ABF51008A41E0 /* AppendPhotoViewController.swift */; };
		D7C6B914291ABF63008A41E0 /* ShowPhotoViewController.swift in Sources */ = {isa = PBXBuildFile; fileRef = D7C6B913291ABF63008A41E0 /* ShowPhotoViewController.swift */; };
		D7C6B916291B5B55008A41E0 /* BaseController.swift in Sources */ = {isa = PBXBuildFile; fileRef = D7C6B915291B5B55008A41E0 /* BaseController.swift */; };
/* End PBXBuildFile section */

/* Begin PBXFileReference section */
		D7C6B8E4291AB445008A41E0 /* CollectionPhoto.app */ = {isa = PBXFileReference; explicitFileType = wrapper.application; includeInIndex = 0; path = CollectionPhoto.app; sourceTree = BUILT_PRODUCTS_DIR; };
		D7C6B8E7291AB445008A41E0 /* AppDelegate.swift */ = {isa = PBXFileReference; lastKnownFileType = sourcecode.swift; path = AppDelegate.swift; sourceTree = "<group>"; };
		D7C6B8E9291AB445008A41E0 /* SceneDelegate.swift */ = {isa = PBXFileReference; lastKnownFileType = sourcecode.swift; path = SceneDelegate.swift; sourceTree = "<group>"; };
		D7C6B8EE291AB445008A41E0 /* Base */ = {isa = PBXFileReference; lastKnownFileType = file.storyboard; name = Base; path = Base.lproj/Main.storyboard; sourceTree = "<group>"; };
		D7C6B8F0291AB448008A41E0 /* Assets.xcassets */ = {isa = PBXFileReference; lastKnownFileType = folder.assetcatalog; path = Assets.xcassets; sourceTree = "<group>"; };
		D7C6B8F3291AB448008A41E0 /* Base */ = {isa = PBXFileReference; lastKnownFileType = file.storyboard; name = Base; path = Base.lproj/LaunchScreen.storyboard; sourceTree = "<group>"; };
		D7C6B8F5291AB448008A41E0 /* Info.plist */ = {isa = PBXFileReference; lastKnownFileType = text.plist.xml; path = Info.plist; sourceTree = "<group>"; };
		D7C6B902291AB8BA008A41E0 /* CustomImageView.xib */ = {isa = PBXFileReference; lastKnownFileType = file.xib; path = CustomImageView.xib; sourceTree = "<group>"; };
		D7C6B904291AB8EF008A41E0 /* CustomTextField.xib */ = {isa = PBXFileReference; lastKnownFileType = file.xib; path = CustomTextField.xib; sourceTree = "<group>"; };
		D7C6B906291AB921008A41E0 /* CustomButton.xib */ = {isa = PBXFileReference; lastKnownFileType = file.xib; path = CustomButton.xib; sourceTree = "<group>"; };
		D7C6B908291ABBE6008A41E0 /* CustomButton.swift */ = {isa = PBXFileReference; lastKnownFileType = sourcecode.swift; path = CustomButton.swift; sourceTree = "<group>"; };
		D7C6B90A291ABC02008A41E0 /* CustomTextField.swift */ = {isa = PBXFileReference; lastKnownFileType = sourcecode.swift; path = CustomTextField.swift; sourceTree = "<group>"; };
		D7C6B90C291ABC0E008A41E0 /* CustomImageView.swift */ = {isa = PBXFileReference; lastKnownFileType = sourcecode.swift; path = CustomImageView.swift; sourceTree = "<group>"; };
		D7C6B90F291ABF3B008A41E0 /* AuthorizationViewController.swift */ = {isa = PBXFileReference; lastKnownFileType = sourcecode.swift; path = AuthorizationViewController.swift; sourceTree = "<group>"; };
		D7C6B911291ABF51008A41E0 /* AppendPhotoViewController.swift */ = {isa = PBXFileReference; lastKnownFileType = sourcecode.swift; path = AppendPhotoViewController.swift; sourceTree = "<group>"; };
		D7C6B913291ABF63008A41E0 /* ShowPhotoViewController.swift */ = {isa = PBXFileReference; lastKnownFileType = sourcecode.swift; path = ShowPhotoViewController.swift; sourceTree = "<group>"; };
		D7C6B915291B5B55008A41E0 /* BaseController.swift */ = {isa = PBXFileReference; lastKnownFileType = sourcecode.swift; path = BaseController.swift; sourceTree = "<group>"; };
/* End PBXFileReference section */

/* Begin PBXFrameworksBuildPhase section */
		D7C6B8E1291AB445008A41E0 /* Frameworks */ = {
			isa = PBXFrameworksBuildPhase;
			buildActionMask = 2147483647;
			files = (
			);
			runOnlyForDeploymentPostprocessing = 0;
		};
/* End PBXFrameworksBuildPhase section */

/* Begin PBXGroup section */
		D7C6B8DB291AB445008A41E0 = {
			isa = PBXGroup;
			children = (
				D7C6B8E6291AB445008A41E0 /* CollectionPhoto */,
				D7C6B8E5291AB445008A41E0 /* Products */,
			);
			sourceTree = "<group>";
		};
		D7C6B8E5291AB445008A41E0 /* Products */ = {
			isa = PBXGroup;
			children = (
				D7C6B8E4291AB445008A41E0 /* CollectionPhoto.app */,
			);
			name = Products;
			sourceTree = "<group>";
		};
		D7C6B8E6291AB445008A41E0 /* CollectionPhoto */ = {
			isa = PBXGroup;
			children = (
				D7C6B917291B6EAA008A41E0 /* Controllers */,
				D7C6B901291AB896008A41E0 /* Views */,
				D7C6B8E7291AB445008A41E0 /* AppDelegate.swift */,
				D7C6B8E9291AB445008A41E0 /* SceneDelegate.swift */,
				D7C6B8ED291AB445008A41E0 /* Main.storyboard */,
				D7C6B8F0291AB448008A41E0 /* Assets.xcassets */,
				D7C6B8F2291AB448008A41E0 /* LaunchScreen.storyboard */,
				D7C6B8F5291AB448008A41E0 /* Info.plist */,
			);
			path = CollectionPhoto;
			sourceTree = "<group>";
		};
		D7C6B901291AB896008A41E0 /* Views */ = {
			isa = PBXGroup;
			children = (
				D7C6B902291AB8BA008A41E0 /* CustomImageView.xib */,
				D7C6B90C291ABC0E008A41E0 /* CustomImageView.swift */,
				D7C6B904291AB8EF008A41E0 /* CustomTextField.xib */,
				D7C6B90A291ABC02008A41E0 /* CustomTextField.swift */,
				D7C6B906291AB921008A41E0 /* CustomButton.xib */,
				D7C6B908291ABBE6008A41E0 /* CustomButton.swift */,
			);
			path = Views;
			sourceTree = "<group>";
		};
		D7C6B917291B6EAA008A41E0 /* Controllers */ = {
			isa = PBXGroup;
			children = (
				D7C6B915291B5B55008A41E0 /* BaseController.swift */,
				D7C6B90F291ABF3B008A41E0 /* AuthorizationViewController.swift */,
				D7C6B911291ABF51008A41E0 /* AppendPhotoViewController.swift */,
				D7C6B913291ABF63008A41E0 /* ShowPhotoViewController.swift */,
			);
			path = Controllers;
			sourceTree = "<group>";
		};
/* End PBXGroup section */

/* Begin PBXNativeTarget section */
		D7C6B8E3291AB445008A41E0 /* CollectionPhoto */ = {
			isa = PBXNativeTarget;
			buildConfigurationList = D7C6B8F8291AB448008A41E0 /* Build configuration list for PBXNativeTarget "CollectionPhoto" */;
			buildPhases = (
				D7C6B8E0291AB445008A41E0 /* Sources */,
				D7C6B8E1291AB445008A41E0 /* Frameworks */,
				D7C6B8E2291AB445008A41E0 /* Resources */,
			);
			buildRules = (
			);
			dependencies = (
			);
			name = CollectionPhoto;
			productName = CollectionPhoto;
			productReference = D7C6B8E4291AB445008A41E0 /* CollectionPhoto.app */;
			productType = "com.apple.product-type.application";
		};
/* End PBXNativeTarget section */

/* Begin PBXProject section */
		D7C6B8DC291AB445008A41E0 /* Project object */ = {
			isa = PBXProject;
			attributes = {
				BuildIndependentTargetsInParallel = 1;
				LastSwiftUpdateCheck = 1400;
				LastUpgradeCheck = 1400;
				TargetAttributes = {
					D7C6B8E3291AB445008A41E0 = {
						CreatedOnToolsVersion = 14.0.1;
					};
				};
			};
			buildConfigurationList = D7C6B8DF291AB445008A41E0 /* Build configuration list for PBXProject "CollectionPhoto" */;
			compatibilityVersion = "Xcode 14.0";
			developmentRegion = en;
			hasScannedForEncodings = 0;
			knownRegions = (
				en,
				Base,
			);
			mainGroup = D7C6B8DB291AB445008A41E0;
			productRefGroup = D7C6B8E5291AB445008A41E0 /* Products */;
			projectDirPath = "";
			projectRoot = "";
			targets = (
				D7C6B8E3291AB445008A41E0 /* CollectionPhoto */,
			);
		};
/* End PBXProject section */

/* Begin PBXResourcesBuildPhase section */
		D7C6B8E2291AB445008A41E0 /* Resources */ = {
			isa = PBXResourcesBuildPhase;
			buildActionMask = 2147483647;
			files = (
				D7C6B905291AB8EF008A41E0 /* CustomTextField.xib in Resources */,
				D7C6B903291AB8BA008A41E0 /* CustomImageView.xib in Resources */,
				D7C6B907291AB921008A41E0 /* CustomButton.xib in Resources */,
				D7C6B8F4291AB448008A41E0 /* LaunchScreen.storyboard in Resources */,
				D7C6B8F1291AB448008A41E0 /* Assets.xcassets in Resources */,
				D7C6B8EF291AB445008A41E0 /* Main.storyboard in Resources */,
			);
			runOnlyForDeploymentPostprocessing = 0;
		};
/* End PBXResourcesBuildPhase section */

/* Begin PBXSourcesBuildPhase section */
		D7C6B8E0291AB445008A41E0 /* Sources */ = {
			isa = PBXSourcesBuildPhase;
			buildActionMask = 2147483647;
			files = (
				D7C6B914291ABF63008A41E0 /* ShowPhotoViewController.swift in Sources */,
				D7C6B910291ABF3B008A41E0 /* AuthorizationViewController.swift in Sources */,
				D7C6B90B291ABC02008A41E0 /* CustomTextField.swift in Sources */,
				D7C6B90D291ABC0E008A41E0 /* CustomImageView.swift in Sources */,
				D7C6B8E8291AB445008A41E0 /* AppDelegate.swift in Sources */,
				D7C6B916291B5B55008A41E0 /* BaseController.swift in Sources */,
				D7C6B909291ABBE6008A41E0 /* CustomButton.swift in Sources */,
				D7C6B8EA291AB445008A41E0 /* SceneDelegate.swift in Sources */,
				D7C6B912291ABF51008A41E0 /* AppendPhotoViewController.swift in Sources */,
			);
			runOnlyForDeploymentPostprocessing = 0;
		};
/* End PBXSourcesBuildPhase section */

/* Begin PBXVariantGroup section */
		D7C6B8ED291AB445008A41E0 /* Main.storyboard */ = {
			isa = PBXVariantGroup;
			children = (
				D7C6B8EE291AB445008A41E0 /* Base */,
			);
			name = Main.storyboard;
			sourceTree = "<group>";
		};
		D7C6B8F2291AB448008A41E0 /* LaunchScreen.storyboard */ = {
			isa = PBXVariantGroup;
			children = (
				D7C6B8F3291AB448008A41E0 /* Base */,
			);
			name = LaunchScreen.storyboard;
			sourceTree = "<group>";
		};
/* End PBXVariantGroup section */

/* Begin XCBuildConfiguration section */
		D7C6B8F6291AB448008A41E0 /* Debug */ = {
			isa = XCBuildConfiguration;
			buildSettings = {
				ALWAYS_SEARCH_USER_PATHS = NO;
				CLANG_ANALYZER_NONNULL = YES;
				CLANG_ANALYZER_NUMBER_OBJECT_CONVERSION = YES_AGGRESSIVE;
				CLANG_CXX_LANGUAGE_STANDARD = "gnu++20";
				CLANG_ENABLE_MODULES = YES;
				CLANG_ENABLE_OBJC_ARC = YES;
				CLANG_ENABLE_OBJC_WEAK = YES;
				CLANG_WARN_BLOCK_CAPTURE_AUTORELEASING = YES;
				CLANG_WARN_BOOL_CONVERSION = YES;
				CLANG_WARN_COMMA = YES;
				CLANG_WARN_CONSTANT_CONVERSION = YES;
				CLANG_WARN_DEPRECATED_OBJC_IMPLEMENTATIONS = YES;
				CLANG_WARN_DIRECT_OBJC_ISA_USAGE = YES_ERROR;
				CLANG_WARN_DOCUMENTATION_COMMENTS = YES;
				CLANG_WARN_EMPTY_BODY = YES;
				CLANG_WARN_ENUM_CONVERSION = YES;
				CLANG_WARN_INFINITE_RECURSION = YES;
				CLANG_WARN_INT_CONVERSION = YES;
				CLANG_WARN_NON_LITERAL_NULL_CONVERSION = YES;
				CLANG_WARN_OBJC_IMPLICIT_RETAIN_SELF = YES;
				CLANG_WARN_OBJC_LITERAL_CONVERSION = YES;
				CLANG_WARN_OBJC_ROOT_CLASS = YES_ERROR;
				CLANG_WARN_QUOTED_INCLUDE_IN_FRAMEWORK_HEADER = YES;
				CLANG_WARN_RANGE_LOOP_ANALYSIS = YES;
				CLANG_WARN_STRICT_PROTOTYPES = YES;
				CLANG_WARN_SUSPICIOUS_MOVE = YES;
				CLANG_WARN_UNGUARDED_AVAILABILITY = YES_AGGRESSIVE;
				CLANG_WARN_UNREACHABLE_CODE = YES;
				CLANG_WARN__DUPLICATE_METHOD_MATCH = YES;
				COPY_PHASE_STRIP = NO;
				DEBUG_INFORMATION_FORMAT = dwarf;
				ENABLE_STRICT_OBJC_MSGSEND = YES;
				ENABLE_TESTABILITY = YES;
				GCC_C_LANGUAGE_STANDARD = gnu11;
				GCC_DYNAMIC_NO_PIC = NO;
				GCC_NO_COMMON_BLOCKS = YES;
				GCC_OPTIMIZATION_LEVEL = 0;
				GCC_PREPROCESSOR_DEFINITIONS = (
					"DEBUG=1",
					"$(inherited)",
				);
				GCC_WARN_64_TO_32_BIT_CONVERSION = YES;
				GCC_WARN_ABOUT_RETURN_TYPE = YES_ERROR;
				GCC_WARN_UNDECLARED_SELECTOR = YES;
				GCC_WARN_UNINITIALIZED_AUTOS = YES_AGGRESSIVE;
				GCC_WARN_UNUSED_FUNCTION = YES;
				GCC_WARN_UNUSED_VARIABLE = YES;
				IPHONEOS_DEPLOYMENT_TARGET = 16.0;
				MTL_ENABLE_DEBUG_INFO = INCLUDE_SOURCE;
				MTL_FAST_MATH = YES;
				ONLY_ACTIVE_ARCH = YES;
				SDKROOT = iphoneos;
				SWIFT_ACTIVE_COMPILATION_CONDITIONS = DEBUG;
				SWIFT_OPTIMIZATION_LEVEL = "-Onone";
			};
			name = Debug;
		};
		D7C6B8F7291AB448008A41E0 /* Release */ = {
			isa = XCBuildConfiguration;
			buildSettings = {
				ALWAYS_SEARCH_USER_PATHS = NO;
				CLANG_ANALYZER_NONNULL = YES;
				CLANG_ANALYZER_NUMBER_OBJECT_CONVERSION = YES_AGGRESSIVE;
				CLANG_CXX_LANGUAGE_STANDARD = "gnu++20";
				CLANG_ENABLE_MODULES = YES;
				CLANG_ENABLE_OBJC_ARC = YES;
				CLANG_ENABLE_OBJC_WEAK = YES;
				CLANG_WARN_BLOCK_CAPTURE_AUTORELEASING = YES;
				CLANG_WARN_BOOL_CONVERSION = YES;
				CLANG_WARN_COMMA = YES;
				CLANG_WARN_CONSTANT_CONVERSION = YES;
				CLANG_WARN_DEPRECATED_OBJC_IMPLEMENTATIONS = YES;
				CLANG_WARN_DIRECT_OBJC_ISA_USAGE = YES_ERROR;
				CLANG_WARN_DOCUMENTATION_COMMENTS = YES;
				CLANG_WARN_EMPTY_BODY = YES;
				CLANG_WARN_ENUM_CONVERSION = YES;
				CLANG_WARN_INFINITE_RECURSION = YES;
				CLANG_WARN_INT_CONVERSION = YES;
				CLANG_WARN_NON_LITERAL_NULL_CONVERSION = YES;
				CLANG_WARN_OBJC_IMPLICIT_RETAIN_SELF = YES;
				CLANG_WARN_OBJC_LITERAL_CONVERSION = YES;
				CLANG_WARN_OBJC_ROOT_CLASS = YES_ERROR;
				CLANG_WARN_QUOTED_INCLUDE_IN_FRAMEWORK_HEADER = YES;
				CLANG_WARN_RANGE_LOOP_ANALYSIS = YES;
				CLANG_WARN_STRICT_PROTOTYPES = YES;
				CLANG_WARN_SUSPICIOUS_MOVE = YES;
				CLANG_WARN_UNGUARDED_AVAILABILITY = YES_AGGRESSIVE;
				CLANG_WARN_UNREACHABLE_CODE = YES;
				CLANG_WARN__DUPLICATE_METHOD_MATCH = YES;
				COPY_PHASE_STRIP = NO;
				DEBUG_INFORMATION_FORMAT = "dwarf-with-dsym";
				ENABLE_NS_ASSERTIONS = NO;
				ENABLE_STRICT_OBJC_MSGSEND = YES;
				GCC_C_LANGUAGE_STANDARD = gnu11;
				GCC_NO_COMMON_BLOCKS = YES;
				GCC_WARN_64_TO_32_BIT_CONVERSION = YES;
				GCC_WARN_ABOUT_RETURN_TYPE = YES_ERROR;
				GCC_WARN_UNDECLARED_SELECTOR = YES;
				GCC_WARN_UNINITIALIZED_AUTOS = YES_AGGRESSIVE;
				GCC_WARN_UNUSED_FUNCTION = YES;
				GCC_WARN_UNUSED_VARIABLE = YES;
				IPHONEOS_DEPLOYMENT_TARGET = 16.0;
				MTL_ENABLE_DEBUG_INFO = NO;
				MTL_FAST_MATH = YES;
				SDKROOT = iphoneos;
				SWIFT_COMPILATION_MODE = wholemodule;
				SWIFT_OPTIMIZATION_LEVEL = "-O";
				VALIDATE_PRODUCT = YES;
			};
			name = Release;
		};
		D7C6B8F9291AB448008A41E0 /* Debug */ = {
			isa = XCBuildConfiguration;
			buildSettings = {
				ASSETCATALOG_COMPILER_APPICON_NAME = AppIcon;
				ASSETCATALOG_COMPILER_GLOBAL_ACCENT_COLOR_NAME = AccentColor;
				CODE_SIGN_STYLE = Automatic;
				CURRENT_PROJECT_VERSION = 1;
				GENERATE_INFOPLIST_FILE = YES;
				INFOPLIST_FILE = CollectionPhoto/Info.plist;
				INFOPLIST_KEY_UIApplicationSupportsIndirectInputEvents = YES;
				INFOPLIST_KEY_UILaunchStoryboardName = LaunchScreen;
				INFOPLIST_KEY_UIMainStoryboardFile = Main;
				INFOPLIST_KEY_UISupportedInterfaceOrientations_iPad = "UIInterfaceOrientationPortrait UIInterfaceOrientationPortraitUpsideDown UIInterfaceOrientationLandscapeLeft UIInterfaceOrientationLandscapeRight";
				INFOPLIST_KEY_UISupportedInterfaceOrientations_iPhone = "UIInterfaceOrientationPortrait UIInterfaceOrientationLandscapeLeft UIInterfaceOrientationLandscapeRight";
				LD_RUNPATH_SEARCH_PATHS = (
					"$(inherited)",
					"@executable_path/Frameworks",
				);
				MARKETING_VERSION = 1.0;
				PRODUCT_BUNDLE_IDENTIFIER = pet.CollectionPhoto;
				PRODUCT_NAME = "$(TARGET_NAME)";
				SWIFT_EMIT_LOC_STRINGS = YES;
				SWIFT_VERSION = 5.0;
				TARGETED_DEVICE_FAMILY = "1,2";
			};
			name = Debug;
		};
		D7C6B8FA291AB448008A41E0 /* Release */ = {
			isa = XCBuildConfiguration;
			buildSettings = {
				ASSETCATALOG_COMPILER_APPICON_NAME = AppIcon;
				ASSETCATALOG_COMPILER_GLOBAL_ACCENT_COLOR_NAME = AccentColor;
				CODE_SIGN_STYLE = Automatic;
				CURRENT_PROJECT_VERSION = 1;
				GENERATE_INFOPLIST_FILE = YES;
				INFOPLIST_FILE = CollectionPhoto/Info.plist;
				INFOPLIST_KEY_UIApplicationSupportsIndirectInputEvents = YES;
				INFOPLIST_KEY_UILaunchStoryboardName = LaunchScreen;
				INFOPLIST_KEY_UIMainStoryboardFile = Main;
				INFOPLIST_KEY_UISupportedInterfaceOrientations_iPad = "UIInterfaceOrientationPortrait UIInterfaceOrientationPortraitUpsideDown UIInterfaceOrientationLandscapeLeft UIInterfaceOrientationLandscapeRight";
				INFOPLIST_KEY_UISupportedInterfaceOrientations_iPhone = "UIInterfaceOrientationPortrait UIInterfaceOrientationLandscapeLeft UIInterfaceOrientationLandscapeRight";
				LD_RUNPATH_SEARCH_PATHS = (
					"$(inherited)",
					"@executable_path/Frameworks",
				);
				MARKETING_VERSION = 1.0;
				PRODUCT_BUNDLE_IDENTIFIER = pet.CollectionPhoto;
				PRODUCT_NAME = "$(TARGET_NAME)";
				SWIFT_EMIT_LOC_STRINGS = YES;
				SWIFT_VERSION = 5.0;
				TARGETED_DEVICE_FAMILY = "1,2";
			};
			name = Release;
		};
/* End XCBuildConfiguration section */

/* Begin XCConfigurationList section */
		D7C6B8DF291AB445008A41E0 /* Build configuration list for PBXProject "CollectionPhoto" */ = {
			isa = XCConfigurationList;
			buildConfigurations = (
				D7C6B8F6291AB448008A41E0 /* Debug */,
				D7C6B8F7291AB448008A41E0 /* Release */,
			);
			defaultConfigurationIsVisible = 0;
			defaultConfigurationName = Release;
		};
		D7C6B8F8291AB448008A41E0 /* Build configuration list for PBXNativeTarget "CollectionPhoto" */ = {
			isa = XCConfigurationList;
			buildConfigurations = (
				D7C6B8F9291AB448008A41E0 /* Debug */,
				D7C6B8FA291AB448008A41E0 /* Release */,
			);
			defaultConfigurationIsVisible = 0;
			defaultConfigurationName = Release;
		};
/* End XCConfigurationList section */
	};
	rootObject = D7C6B8DC291AB445008A41E0 /* Project object */;
}
